
Microsoft Visual Studio Solution File, Format Version 12.00
# Visual Studio Version 17
VisualStudioVersion = 17.9.34622.214
MinimumVisualStudioVersion = 10.0.40219.1
Project("{FAE04EC0-301F-11D3-BF4B-00C04F79EFBC}") = "COMP003B.Assingment3", "COMP003B.Assingment3\COMP003B.Assingment3.csproj", "{524CC67D-7D42-47FD-B84B-F2DABFE970B7}"
EndProject
Global
	GlobalSection(SolutionConfigurationPlatforms) = preSolution
		Debug|Any CPU = Debug|Any CPU
		Release|Any CPU = Release|Any CPU
	EndGlobalSection
	GlobalSection(ProjectConfigurationPlatforms) = postSolution
		{524CC67D-7D42-47FD-B84B-F2DABFE970B7}.Debug|Any CPU.ActiveCfg = Debug|Any CPU
		{524CC67D-7D42-47FD-B84B-F2DABFE970B7}.Debug|Any CPU.Build.0 = Debug|Any CPU
		{524CC67D-7D42-47FD-B84B-F2DABFE970B7}.Release|Any CPU.ActiveCfg = Release|Any CPU
		{524CC67D-7D42-47FD-B84B-F2DABFE970B7}.Release|Any CPU.Build.0 = Release|Any CPU
	EndGlobalSection
	GlobalSection(SolutionProperties) = preSolution
		HideSolutionNode = FALSE
	EndGlobalSection
	GlobalSection(ExtensibilityGlobals) = postSolution
		SolutionGuid = {B4A8DE6B-88E8-4EAA-92B6-BFA4F7667B8E}
	EndGlobalSection
EndGlobal
